<?xml version="1.0" encoding="utf-8"?>
<Project ToolsVersion="4.0" xmlns="http://schemas.microsoft.com/developer/msbuild/2003">
  <ItemGroup>
    <Filter Include="Source Files">
      <UniqueIdentifier>{4FC737F1-C7A5-4376-A066-2A32D752A2FF}</UniqueIdentifier>
      <Extensions>cpp;c;cc;cxx;def;odl;idl;hpj;bat;asm;asmx</Extensions>
    </Filter>
    <Filter Include="Header Files">
      <UniqueIdentifier>{93995380-89BD-4b04-88EB-625FBE52EBFB}</UniqueIdentifier>
      <Extensions>h;hh;hpp;hxx;hm;inl;inc;xsd</Extensions>
    </Filter>
    <Filter Include="Resource Files">
      <UniqueIdentifier>{67DA6AB6-F800-4c08-8B7A-83BB121AAD01}</UniqueIdentifier>
      <Extensions>rc;ico;cur;bmp;dlg;rc2;rct;bin;rgs;gif;jpg;jpeg;jpe;resx;tiff;tif;png;wav;mfcribbon-ms</Extensions>
    </Filter>
    <Filter Include="Header Files\Matrixes">
      <UniqueIdentifier>{d5e5091c-bbc9-4690-b03f-954e4fb4d0b4}</UniqueIdentifier>
    </Filter>
    <Filter Include="Header Files\Number systems">
      <UniqueIdentifier>{b0e363ed-cddc-4fde-81b5-59dedf394c4a}</UniqueIdentifier>
    </Filter>
    <Filter Include="Header Files\Polynomials">
      <UniqueIdentifier>{f691850a-ff15-4d74-96cd-5bfb648bd438}</UniqueIdentifier>
    </Filter>
  </ItemGroup>
  <ItemGroup>
    <ClCompile Include="main.cpp">
      <Filter>Source Files</Filter>
    </ClCompile>
  </ItemGroup>
  <ItemGroup>
    <ClInclude Include="Matrix.hpp">
      <Filter>Header Files\Matrixes</Filter>
    </ClInclude>
    <ClInclude Include="MatrixFunctions.hpp">
      <Filter>Header Files\Matrixes</Filter>
    </ClInclude>
    <ClInclude Include="Complex.hpp">
      <Filter>Header Files\Number systems</Filter>
    </ClInclude>
    <ClInclude Include="Field.hpp">
      <Filter>Header Files\Number systems</Filter>
    </ClInclude>
    <ClInclude Include="Rational.hpp">
      <Filter>Header Files\Number systems</Filter>
    </ClInclude>
    <ClInclude Include="Polynomial.hpp">
      <Filter>Header Files\Polynomials</Filter>
    </ClInclude>
  </ItemGroup>
  <ItemGroup>
    <Text Include="matrix1.txt" />
  </ItemGroup>
</Project>